<Solution>
  <Folder Name="/Solution Items/">
    <File Path=".editorconfig" />
    <File Path="Directory.Build.props" />
    <File Path="Directory.Packages.props" />
    <File Path="global.json" />
    <File Path="README.md" />
    <File Path="IMPLEMENTATION_NOTES.md" />
  </Folder>
  <Folder Name="/installer/">
    <File Path="installer/PulseDesk.iss" />
  </Folder>
  <Folder Name="/docs/">
    <File Path="docs/architecture.md" />
    <File Path="docs/development.md" />
  </Folder>
  <Folder Name="/src/">
    <Project Path="src/PulseDesk.App/PulseDesk.App.csproj" />
    <Project Path="src/PulseDesk.Core/PulseDesk.Core.csproj" />
    <Project Path="src/PulseDesk.Infrastructure/PulseDesk.Infrastructure.csproj" />
    <Project Path="src/PulseDesk.Tests/PulseDesk.Tests.csproj" />
  </Folder>
</Solution>
